// !$*UTF8*$!
{
	archiveVersion = 1;
	classes = {
	};
	objectVersion = 56;
	objects = {

/* Begin PBXBuildFile section */
		7B81233029859A540032024D /* TwitterSlideOutMenuApp.swift in Sources */ = {isa = PBXBuildFile; fileRef = 7B81232F29859A540032024D /* TwitterSlideOutMenuApp.swift */; };
		7B81233229859A540032024D /* ContentView.swift in Sources */ = {isa = PBXBuildFile; fileRef = 7B81233129859A540032024D /* ContentView.swift */; };
		7B81233429859A590032024D /* Assets.xcassets in Resources */ = {isa = PBXBuildFile; fileRef = 7B81233329859A590032024D /* Assets.xcassets */; };
		7B81233729859A590032024D /* Preview Assets.xcassets in Resources */ = {isa = PBXBuildFile; fileRef = 7B81233629859A590032024D /* Preview Assets.xcassets */; };
		7B81233929859A590032024D /* Persistence.swift in Sources */ = {isa = PBXBuildFile; fileRef = 7B81233829859A590032024D /* Persistence.swift */; };
		7B81233C29859A590032024D /* TwitterSlideOutMenu.xcdatamodeld in Sources */ = {isa = PBXBuildFile; fileRef = 7B81233A29859A590032024D /* TwitterSlideOutMenu.xcdatamodeld */; };
		7B81234629859A590032024D /* TwitterSlideOutMenuTests.swift in Sources */ = {isa = PBXBuildFile; fileRef = 7B81234529859A590032024D /* TwitterSlideOutMenuTests.swift */; };
		7B81235029859A5A0032024D /* TwitterSlideOutMenuUITests.swift in Sources */ = {isa = PBXBuildFile; fileRef = 7B81234F29859A5A0032024D /* TwitterSlideOutMenuUITests.swift */; };
		7B81235229859A5A0032024D /* TwitterSlideOutMenuUITestsLaunchTests.swift in Sources */ = {isa = PBXBuildFile; fileRef = 7B81235129859A5A0032024D /* TwitterSlideOutMenuUITestsLaunchTests.swift */; };
		7B81236229859CA60032024D /* BaseView.swift in Sources */ = {isa = PBXBuildFile; fileRef = 7B81236129859CA60032024D /* BaseView.swift */; };
		7B81236429859DF60032024D /* SideMenu.swift in Sources */ = {isa = PBXBuildFile; fileRef = 7B81236329859DF50032024D /* SideMenu.swift */; };
		7BECD70529868BFD00B322BD /* Home.swift in Sources */ = {isa = PBXBuildFile; fileRef = 7BECD70429868BFD00B322BD /* Home.swift */; };
/* End PBXBuildFile section */

/* Begin PBXContainerItemProxy section */
		7B81234229859A590032024D /* PBXContainerItemProxy */ = {
			isa = PBXContainerItemProxy;
			containerPortal = 7B81232429859A540032024D /* Project object */;
			proxyType = 1;
			remoteGlobalIDString = 7B81232B29859A540032024D;
			remoteInfo = TwitterSlideOutMenu;
		};
		7B81234C29859A5A0032024D /* PBXContainerItemProxy */ = {
			isa = PBXContainerItemProxy;
			containerPortal = 7B81232429859A540032024D /* Project object */;
			proxyType = 1;
			remoteGlobalIDString = 7B81232B29859A540032024D;
			remoteInfo = TwitterSlideOutMenu;
		};
/* End PBXContainerItemProxy section */

/* Begin PBXFileReference section */
		7B81232C29859A540032024D /* TwitterSlideOutMenu.app */ = {isa = PBXFileReference; explicitFileType = wrapper.application; includeInIndex = 0; path = TwitterSlideOutMenu.app; sourceTree = BUILT_PRODUCTS_DIR; };
		7B81232F29859A540032024D /* TwitterSlideOutMenuApp.swift */ = {isa = PBXFileReference; lastKnownFileType = sourcecode.swift; path = TwitterSlideOutMenuApp.swift; sourceTree = "<group>"; };
		7B81233129859A540032024D /* ContentView.swift */ = {isa = PBXFileReference; lastKnownFileType = sourcecode.swift; path = ContentView.swift; sourceTree = "<group>"; };
		7B81233329859A590032024D /* Assets.xcassets */ = {isa = PBXFileReference; lastKnownFileType = folder.assetcatalog; path = Assets.xcassets; sourceTree = "<group>"; };
		7B81233629859A590032024D /* Preview Assets.xcassets */ = {isa = PBXFileReference; lastKnownFileType = folder.assetcatalog; path = "Preview Assets.xcassets"; sourceTree = "<group>"; };
		7B81233829859A590032024D /* Persistence.swift */ = {isa = PBXFileReference; lastKnownFileType = sourcecode.swift; path = Persistence.swift; sourceTree = "<group>"; };
		7B81233B29859A590032024D /* TwitterSlideOutMenu.xcdatamodel */ = {isa = PBXFileReference; lastKnownFileType = wrapper.xcdatamodel; path = TwitterSlideOutMenu.xcdatamodel; sourceTree = "<group>"; };
		7B81234129859A590032024D /* TwitterSlideOutMenuTests.xctest */ = {isa = PBXFileReference; explicitFileType = wrapper.cfbundle; includeInIndex = 0; path = TwitterSlideOutMenuTests.xctest; sourceTree = BUILT_PRODUCTS_DIR; };
		7B81234529859A590032024D /* TwitterSlideOutMenuTests.swift */ = {isa = PBXFileReference; lastKnownFileType = sourcecode.swift; path = TwitterSlideOutMenuTests.swift; sourceTree = "<group>"; };
		7B81234B29859A590032024D /* TwitterSlideOutMenuUITests.xctest */ = {isa = PBXFileReference; explicitFileType = wrapper.cfbundle; includeInIndex = 0; path = TwitterSlideOutMenuUITests.xctest; sourceTree = BUILT_PRODUCTS_DIR; };
		7B81234F29859A5A0032024D /* TwitterSlideOutMenuUITests.swift */ = {isa = PBXFileReference; lastKnownFileType = sourcecode.swift; path = TwitterSlideOutMenuUITests.swift; sourceTree = "<group>"; };
		7B81235129859A5A0032024D /* TwitterSlideOutMenuUITestsLaunchTests.swift */ = {isa = PBXFileReference; lastKnownFileType = sourcecode.swift; path = TwitterSlideOutMenuUITestsLaunchTests.swift; sourceTree = "<group>"; };
		7B81236129859CA60032024D /* BaseView.swift */ = {isa = PBXFileReference; lastKnownFileType = sourcecode.swift; path = BaseView.swift; sourceTree = "<group>"; };
		7B81236329859DF50032024D /* SideMenu.swift */ = {isa = PBXFileReference; lastKnownFileType = sourcecode.swift; path = SideMenu.swift; sourceTree = "<group>"; };
		7BECD70429868BFD00B322BD /* Home.swift */ = {isa = PBXFileReference; lastKnownFileType = sourcecode.swift; path = Home.swift; sourceTree = "<group>"; };
/* End PBXFileReference section */

/* Begin PBXFrameworksBuildPhase section */
		7B81232929859A540032024D /* Frameworks */ = {
			isa = PBXFrameworksBuildPhase;
			buildActionMask = 2147483647;
			files = (
			);
			runOnlyForDeploymentPostprocessing = 0;
		};
		7B81233E29859A590032024D /* Frameworks */ = {
			isa = PBXFrameworksBuildPhase;
			buildActionMask = 2147483647;
			files = (
			);
			runOnlyForDeploymentPostprocessing = 0;
		};
		7B81234829859A590032024D /* Frameworks */ = {
			isa = PBXFrameworksBuildPhase;
			buildActionMask = 2147483647;
			files = (
			);
			runOnlyForDeploymentPostprocessing = 0;
		};
/* End PBXFrameworksBuildPhase section */

/* Begin PBXGroup section */
		7B81232329859A540032024D = {
			isa = PBXGroup;
			children = (
				7B81232E29859A540032024D /* TwitterSlideOutMenu */,
				7B81234429859A590032024D /* TwitterSlideOutMenuTests */,
				7B81234E29859A5A0032024D /* TwitterSlideOutMenuUITests */,
				7B81232D29859A540032024D /* Products */,
			);
			sourceTree = "<group>";
		};
		7B81232D29859A540032024D /* Products */ = {
			isa = PBXGroup;
			children = (
				7B81232C29859A540032024D /* TwitterSlideOutMenu.app */,
				7B81234129859A590032024D /* TwitterSlideOutMenuTests.xctest */,
				7B81234B29859A590032024D /* TwitterSlideOutMenuUITests.xctest */,
			);
			name = Products;
			sourceTree = "<group>";
		};
		7B81232E29859A540032024D /* TwitterSlideOutMenu */ = {
			isa = PBXGroup;
			children = (
				7B81236029859C840032024D /* ViewModel */,
				7B81235F29859C790032024D /* View */,
				7B81235E29859C640032024D /* Model */,
				7B81232F29859A540032024D /* TwitterSlideOutMenuApp.swift */,
				7B81233129859A540032024D /* ContentView.swift */,
				7B81233329859A590032024D /* Assets.xcassets */,
				7B81233829859A590032024D /* Persistence.swift */,
				7B81233A29859A590032024D /* TwitterSlideOutMenu.xcdatamodeld */,
				7B81233529859A590032024D /* Preview Content */,
			);
			path = TwitterSlideOutMenu;
			sourceTree = "<group>";
		};
		7B81233529859A590032024D /* Preview Content */ = {
			isa = PBXGroup;
			children = (
				7B81233629859A590032024D /* Preview Assets.xcassets */,
			);
			path = "Preview Content";
			sourceTree = "<group>";
		};
		7B81234429859A590032024D /* TwitterSlideOutMenuTests */ = {
			isa = PBXGroup;
			children = (
				7B81234529859A590032024D /* TwitterSlideOutMenuTests.swift */,
			);
			path = TwitterSlideOutMenuTests;
			sourceTree = "<group>";
		};
		7B81234E29859A5A0032024D /* TwitterSlideOutMenuUITests */ = {
			isa = PBXGroup;
			children = (
				7B81234F29859A5A0032024D /* TwitterSlideOutMenuUITests.swift */,
				7B81235129859A5A0032024D /* TwitterSlideOutMenuUITestsLaunchTests.swift */,
			);
			path = TwitterSlideOutMenuUITests;
			sourceTree = "<group>";
		};
		7B81235E29859C640032024D /* Model */ = {
			isa = PBXGroup;
			children = (
			);
			path = Model;
			sourceTree = "<group>";
		};
		7B81235F29859C790032024D /* View */ = {
			isa = PBXGroup;
			children = (
				7B81236129859CA60032024D /* BaseView.swift */,
				7B81236329859DF50032024D /* SideMenu.swift */,
				7BECD70429868BFD00B322BD /* Home.swift */,
			);
			path = View;
			sourceTree = "<group>";
		};
		7B81236029859C840032024D /* ViewModel */ = {
			isa = PBXGroup;
			children = (
			);
			path = ViewModel;
			sourceTree = "<group>";
		};
/* End PBXGroup section */

/* Begin PBXNativeTarget section */
		7B81232B29859A540032024D /* TwitterSlideOutMenu */ = {
			isa = PBXNativeTarget;
			buildConfigurationList = 7B81235529859A5A0032024D /* Build configuration list for PBXNativeTarget "TwitterSlideOutMenu" */;
			buildPhases = (
				7B81232829859A540032024D /* Sources */,
				7B81232929859A540032024D /* Frameworks */,
				7B81232A29859A540032024D /* Resources */,
			);
			buildRules = (
			);
			dependencies = (
			);
			name = TwitterSlideOutMenu;
			productName = TwitterSlideOutMenu;
			productReference = 7B81232C29859A540032024D /* TwitterSlideOutMenu.app */;
			productType = "com.apple.product-type.application";
		};
		7B81234029859A590032024D /* TwitterSlideOutMenuTests */ = {
			isa = PBXNativeTarget;
			buildConfigurationList = 7B81235829859A5A0032024D /* Build configuration list for PBXNativeTarget "TwitterSlideOutMenuTests" */;
			buildPhases = (
				7B81233D29859A590032024D /* Sources */,
				7B81233E29859A590032024D /* Frameworks */,
				7B81233F29859A590032024D /* Resources */,
			);
			buildRules = (
			);
			dependencies = (
				7B81234329859A590032024D /* PBXTargetDependency */,
			);
			name = TwitterSlideOutMenuTests;
			productName = TwitterSlideOutMenuTests;
			productReference = 7B81234129859A590032024D /* TwitterSlideOutMenuTests.xctest */;
			productType = "com.apple.product-type.bundle.unit-test";
		};
		7B81234A29859A590032024D /* TwitterSlideOutMenuUITests */ = {
			isa = PBXNativeTarget;
			buildConfigurationList = 7B81235B29859A5A0032024D /* Build configuration list for PBXNativeTarget "TwitterSlideOutMenuUITests" */;
			buildPhases = (
				7B81234729859A590032024D /* Sources */,
				7B81234829859A590032024D /* Frameworks */,
				7B81234929859A590032024D /* Resources */,
			);
			buildRules = (
			);
			dependencies = (
				7B81234D29859A5A0032024D /* PBXTargetDependency */,
			);
			name = TwitterSlideOutMenuUITests;
			productName = TwitterSlideOutMenuUITests;
			productReference = 7B81234B29859A590032024D /* TwitterSlideOutMenuUITests.xctest */;
			productType = "com.apple.product-type.bundle.ui-testing";
		};
/* End PBXNativeTarget section */

/* Begin PBXProject section */
		7B81232429859A540032024D /* Project object */ = {
			isa = PBXProject;
			attributes = {
				BuildIndependentTargetsInParallel = 1;
				LastSwiftUpdateCheck = 1420;
				LastUpgradeCheck = 1420;
				TargetAttributes = {
					7B81232B29859A540032024D = {
						CreatedOnToolsVersion = 14.2;
					};
					7B81234029859A590032024D = {
						CreatedOnToolsVersion = 14.2;
						TestTargetID = 7B81232B29859A540032024D;
					};
					7B81234A29859A590032024D = {
						CreatedOnToolsVersion = 14.2;
						TestTargetID = 7B81232B29859A540032024D;
					};
				};
			};
			buildConfigurationList = 7B81232729859A540032024D /* Build configuration list for PBXProject "TwitterSlideOutMenu" */;
			compatibilityVersion = "Xcode 14.0";
			developmentRegion = en;
			hasScannedForEncodings = 0;
			knownRegions = (
				en,
				Base,
			);
			mainGroup = 7B81232329859A540032024D;
			productRefGroup = 7B81232D29859A540032024D /* Products */;
			projectDirPath = "";
			projectRoot = "";
			targets = (
				7B81232B29859A540032024D /* TwitterSlideOutMenu */,
				7B81234029859A590032024D /* TwitterSlideOutMenuTests */,
				7B81234A29859A590032024D /* TwitterSlideOutMenuUITests */,
			);
		};
/* End PBXProject section */

/* Begin PBXResourcesBuildPhase section */
		7B81232A29859A540032024D /* Resources */ = {
			isa = PBXResourcesBuildPhase;
			buildActionMask = 2147483647;
			files = (
				7B81233729859A590032024D /* Preview Assets.xcassets in Resources */,
				7B81233429859A590032024D /* Assets.xcassets in Resources */,
			);
			runOnlyForDeploymentPostprocessing = 0;
		};
		7B81233F29859A590032024D /* Resources */ = {
			isa = PBXResourcesBuildPhase;
			buildActionMask = 2147483647;
			files = (
			);
			runOnlyForDeploymentPostprocessing = 0;
		};
		7B81234929859A590032024D /* Resources */ = {
			isa = PBXResourcesBuildPhase;
			buildActionMask = 2147483647;
			files = (
			);
			runOnlyForDeploymentPostprocessing = 0;
		};
/* End PBXResourcesBuildPhase section */

/* Begin PBXSourcesBuildPhase section */
		7B81232829859A540032024D /* Sources */ = {
			isa = PBXSourcesBuildPhase;
			buildActionMask = 2147483647;
			files = (
				7B81233929859A590032024D /* Persistence.swift in Sources */,
				7B81233229859A540032024D /* ContentView.swift in Sources */,
				7B81236229859CA60032024D /* BaseView.swift in Sources */,
				7B81236429859DF60032024D /* SideMenu.swift in Sources */,
				7B81233C29859A590032024D /* TwitterSlideOutMenu.xcdatamodeld in Sources */,
				7B81233029859A540032024D /* TwitterSlideOutMenuApp.swift in Sources */,
				7BECD70529868BFD00B322BD /* Home.swift in Sources */,
			);
			runOnlyForDeploymentPostprocessing = 0;
		};
		7B81233D29859A590032024D /* Sources */ = {
			isa = PBXSourcesBuildPhase;
			buildActionMask = 2147483647;
			files = (
				7B81234629859A590032024D /* TwitterSlideOutMenuTests.swift in Sources */,
			);
			runOnlyForDeploymentPostprocessing = 0;
		};
		7B81234729859A590032024D /* Sources */ = {
			isa = PBXSourcesBuildPhase;
			buildActionMask = 2147483647;
			files = (
				7B81235229859A5A0032024D /* TwitterSlideOutMenuUITestsLaunchTests.swift in Sources */,
				7B81235029859A5A0032024D /* TwitterSlideOutMenuUITests.swift in Sources */,
			);
			runOnlyForDeploymentPostprocessing = 0;
		};
/* End PBXSourcesBuildPhase section */

/* Begin PBXTargetDependency section */
		7B81234329859A590032024D /* PBXTargetDependency */ = {
			isa = PBXTargetDependency;
			target = 7B81232B29859A540032024D /* TwitterSlideOutMenu */;
			targetProxy = 7B81234229859A590032024D /* PBXContainerItemProxy */;
		};
		7B81234D29859A5A0032024D /* PBXTargetDependency */ = {
			isa = PBXTargetDependency;
			target = 7B81232B29859A540032024D /* TwitterSlideOutMenu */;
			targetProxy = 7B81234C29859A5A0032024D /* PBXContainerItemProxy */;
		};
/* End PBXTargetDependency section */

/* Begin XCBuildConfiguration section */
		7B81235329859A5A0032024D /* Debug */ = {
			isa = XCBuildConfiguration;
			buildSettings = {
				ALWAYS_SEARCH_USER_PATHS = NO;
				CLANG_ANALYZER_NONNULL = YES;
				CLANG_ANALYZER_NUMBER_OBJECT_CONVERSION = YES_AGGRESSIVE;
				CLANG_CXX_LANGUAGE_STANDARD = "gnu++20";
				CLANG_ENABLE_MODULES = YES;
				CLANG_ENABLE_OBJC_ARC = YES;
				CLANG_ENABLE_OBJC_WEAK = YES;
				CLANG_WARN_BLOCK_CAPTURE_AUTORELEASING = YES;
				CLANG_WARN_BOOL_CONVERSION = YES;
				CLANG_WARN_COMMA = YES;
				CLANG_WARN_CONSTANT_CONVERSION = YES;
				CLANG_WARN_DEPRECATED_OBJC_IMPLEMENTATIONS = YES;
				CLANG_WARN_DIRECT_OBJC_ISA_USAGE = YES_ERROR;
				CLANG_WARN_DOCUMENTATION_COMMENTS = YES;
				CLANG_WARN_EMPTY_BODY = YES;
				CLANG_WARN_ENUM_CONVERSION = YES;
				CLANG_WARN_INFINITE_RECURSION = YES;
				CLANG_WARN_INT_CONVERSION = YES;
				CLANG_WARN_NON_LITERAL_NULL_CONVERSION = YES;
				CLANG_WARN_OBJC_IMPLICIT_RETAIN_SELF = YES;
				CLANG_WARN_OBJC_LITERAL_CONVERSION = YES;
				CLANG_WARN_OBJC_ROOT_CLASS = YES_ERROR;
				CLANG_WARN_QUOTED_INCLUDE_IN_FRAMEWORK_HEADER = YES;
				CLANG_WARN_RANGE_LOOP_ANALYSIS = YES;
				CLANG_WARN_STRICT_PROTOTYPES = YES;
				CLANG_WARN_SUSPICIOUS_MOVE = YES;
				CLANG_WARN_UNGUARDED_AVAILABILITY = YES_AGGRESSIVE;
				CLANG_WARN_UNREACHABLE_CODE = YES;
				CLANG_WARN__DUPLICATE_METHOD_MATCH = YES;
				COPY_PHASE_STRIP = NO;
				DEBUG_INFORMATION_FORMAT = dwarf;
				ENABLE_STRICT_OBJC_MSGSEND = YES;
				ENABLE_TESTABILITY = YES;
				GCC_C_LANGUAGE_STANDARD = gnu11;
				GCC_DYNAMIC_NO_PIC = NO;
				GCC_NO_COMMON_BLOCKS = YES;
				GCC_OPTIMIZATION_LEVEL = 0;
				GCC_PREPROCESSOR_DEFINITIONS = (
					"DEBUG=1",
					"$(inherited)",
				);
				GCC_WARN_64_TO_32_BIT_CONVERSION = YES;
				GCC_WARN_ABOUT_RETURN_TYPE = YES_ERROR;
				GCC_WARN_UNDECLARED_SELECTOR = YES;
				GCC_WARN_UNINITIALIZED_AUTOS = YES_AGGRESSIVE;
				GCC_WARN_UNUSED_FUNCTION = YES;
				GCC_WARN_UNUSED_VARIABLE = YES;
				IPHONEOS_DEPLOYMENT_TARGET = 16.2;
				MTL_ENABLE_DEBUG_INFO = INCLUDE_SOURCE;
				MTL_FAST_MATH = YES;
				ONLY_ACTIVE_ARCH = YES;
				SDKROOT = iphoneos;
				SWIFT_ACTIVE_COMPILATION_CONDITIONS = DEBUG;
				SWIFT_OPTIMIZATION_LEVEL = "-Onone";
			};
			name = Debug;
		};
		7B81235429859A5A0032024D /* Release */ = {
			isa = XCBuildConfiguration;
			buildSettings = {
				ALWAYS_SEARCH_USER_PATHS = NO;
				CLANG_ANALYZER_NONNULL = YES;
				CLANG_ANALYZER_NUMBER_OBJECT_CONVERSION = YES_AGGRESSIVE;
				CLANG_CXX_LANGUAGE_STANDARD = "gnu++20";
				CLANG_ENABLE_MODULES = YES;
				CLANG_ENABLE_OBJC_ARC = YES;
				CLANG_ENABLE_OBJC_WEAK = YES;
				CLANG_WARN_BLOCK_CAPTURE_AUTORELEASING = YES;
				CLANG_WARN_BOOL_CONVERSION = YES;
				CLANG_WARN_COMMA = YES;
				CLANG_WARN_CONSTANT_CONVERSION = YES;
				CLANG_WARN_DEPRECATED_OBJC_IMPLEMENTATIONS = YES;
				CLANG_WARN_DIRECT_OBJC_ISA_USAGE = YES_ERROR;
				CLANG_WARN_DOCUMENTATION_COMMENTS = YES;
				CLANG_WARN_EMPTY_BODY = YES;
				CLANG_WARN_ENUM_CONVERSION = YES;
				CLANG_WARN_INFINITE_RECURSION = YES;
				CLANG_WARN_INT_CONVERSION = YES;
				CLANG_WARN_NON_LITERAL_NULL_CONVERSION = YES;
				CLANG_WARN_OBJC_IMPLICIT_RETAIN_SELF = YES;
				CLANG_WARN_OBJC_LITERAL_CONVERSION = YES;
				CLANG_WARN_OBJC_ROOT_CLASS = YES_ERROR;
				CLANG_WARN_QUOTED_INCLUDE_IN_FRAMEWORK_HEADER = YES;
				CLANG_WARN_RANGE_LOOP_ANALYSIS = YES;
				CLANG_WARN_STRICT_PROTOTYPES = YES;
				CLANG_WARN_SUSPICIOUS_MOVE = YES;
				CLANG_WARN_UNGUARDED_AVAILABILITY = YES_AGGRESSIVE;
				CLANG_WARN_UNREACHABLE_CODE = YES;
				CLANG_WARN__DUPLICATE_METHOD_MATCH = YES;
				COPY_PHASE_STRIP = NO;
				DEBUG_INFORMATION_FORMAT = "dwarf-with-dsym";
				ENABLE_NS_ASSERTIONS = NO;
				ENABLE_STRICT_OBJC_MSGSEND = YES;
				GCC_C_LANGUAGE_STANDARD = gnu11;
				GCC_NO_COMMON_BLOCKS = YES;
				GCC_WARN_64_TO_32_BIT_CONVERSION = YES;
				GCC_WARN_ABOUT_RETURN_TYPE = YES_ERROR;
				GCC_WARN_UNDECLARED_SELECTOR = YES;
				GCC_WARN_UNINITIALIZED_AUTOS = YES_AGGRESSIVE;
				GCC_WARN_UNUSED_FUNCTION = YES;
				GCC_WARN_UNUSED_VARIABLE = YES;
				IPHONEOS_DEPLOYMENT_TARGET = 16.2;
				MTL_ENABLE_DEBUG_INFO = NO;
				MTL_FAST_MATH = YES;
				SDKROOT = iphoneos;
				SWIFT_COMPILATION_MODE = wholemodule;
				SWIFT_OPTIMIZATION_LEVEL = "-O";
				VALIDATE_PRODUCT = YES;
			};
			name = Release;
		};
		7B81235629859A5A0032024D /* Debug */ = {
			isa = XCBuildConfiguration;
			buildSettings = {
				ASSETCATALOG_COMPILER_APPICON_NAME = AppIcon;
				ASSETCATALOG_COMPILER_GLOBAL_ACCENT_COLOR_NAME = AccentColor;
				CODE_SIGN_STYLE = Automatic;
				CURRENT_PROJECT_VERSION = 1;
				DEVELOPMENT_ASSET_PATHS = "\"TwitterSlideOutMenu/Preview Content\"";
				DEVELOPMENT_TEAM = XRR5P3RD3X;
				ENABLE_PREVIEWS = YES;
				GENERATE_INFOPLIST_FILE = YES;
				INFOPLIST_KEY_UIApplicationSceneManifest_Generation = YES;
				INFOPLIST_KEY_UIApplicationSupportsIndirectInputEvents = YES;
				INFOPLIST_KEY_UILaunchScreen_Generation = YES;
				INFOPLIST_KEY_UISupportedInterfaceOrientations_iPad = "UIInterfaceOrientationPortrait UIInterfaceOrientationPortraitUpsideDown UIInterfaceOrientationLandscapeLeft UIInterfaceOrientationLandscapeRight";
				INFOPLIST_KEY_UISupportedInterfaceOrientations_iPhone = "UIInterfaceOrientationPortrait UIInterfaceOrientationLandscapeLeft UIInterfaceOrientationLandscapeRight";
				LD_RUNPATH_SEARCH_PATHS = (
					"$(inherited)",
					"@executable_path/Frameworks",
				);
				MARKETING_VERSION = 1.0;
				PRODUCT_BUNDLE_IDENTIFIER = abdullahkaraboga.TwitterSlideOutMenu;
				PRODUCT_NAME = "$(TARGET_NAME)";
				SWIFT_EMIT_LOC_STRINGS = YES;
				SWIFT_VERSION = 5.0;
				TARGETED_DEVICE_FAMILY = "1,2";
			};
			name = Debug;
		};
		7B81235729859A5A0032024D /* Release */ = {
			isa = XCBuildConfiguration;
			buildSettings = {
				ASSETCATALOG_COMPILER_APPICON_NAME = AppIcon;
				ASSETCATALOG_COMPILER_GLOBAL_ACCENT_COLOR_NAME = AccentColor;
				CODE_SIGN_STYLE = Automatic;
				CURRENT_PROJECT_VERSION = 1;
				DEVELOPMENT_ASSET_PATHS = "\"TwitterSlideOutMenu/Preview Content\"";
				DEVELOPMENT_TEAM = XRR5P3RD3X;
				ENABLE_PREVIEWS = YES;
				GENERATE_INFOPLIST_FILE = YES;
				INFOPLIST_KEY_UIApplicationSceneManifest_Generation = YES;
				INFOPLIST_KEY_UIApplicationSupportsIndirectInputEvents = YES;
				INFOPLIST_KEY_UILaunchScreen_Generation = YES;
				INFOPLIST_KEY_UISupportedInterfaceOrientations_iPad = "UIInterfaceOrientationPortrait UIInterfaceOrientationPortraitUpsideDown UIInterfaceOrientationLandscapeLeft UIInterfaceOrientationLandscapeRight";
				INFOPLIST_KEY_UISupportedInterfaceOrientations_iPhone = "UIInterfaceOrientationPortrait UIInterfaceOrientationLandscapeLeft UIInterfaceOrientationLandscapeRight";
				LD_RUNPATH_SEARCH_PATHS = (
					"$(inherited)",
					"@executable_path/Frameworks",
				);
				MARKETING_VERSION = 1.0;
				PRODUCT_BUNDLE_IDENTIFIER = abdullahkaraboga.TwitterSlideOutMenu;
				PRODUCT_NAME = "$(TARGET_NAME)";
				SWIFT_EMIT_LOC_STRINGS = YES;
				SWIFT_VERSION = 5.0;
				TARGETED_DEVICE_FAMILY = "1,2";
			};
			name = Release;
		};
		7B81235929859A5A0032024D /* Debug */ = {
			isa = XCBuildConfiguration;
			buildSettings = {
				ALWAYS_EMBED_SWIFT_STANDARD_LIBRARIES = YES;
				BUNDLE_LOADER = "$(TEST_HOST)";
				CODE_SIGN_STYLE = Automatic;
				CURRENT_PROJECT_VERSION = 1;
				DEVELOPMENT_TEAM = XRR5P3RD3X;
				GENERATE_INFOPLIST_FILE = YES;
				IPHONEOS_DEPLOYMENT_TARGET = 16.2;
				MARKETING_VERSION = 1.0;
				PRODUCT_BUNDLE_IDENTIFIER = abdullahkaraboga.TwitterSlideOutMenuTests;
				PRODUCT_NAME = "$(TARGET_NAME)";
				SWIFT_EMIT_LOC_STRINGS = NO;
				SWIFT_VERSION = 5.0;
				TARGETED_DEVICE_FAMILY = "1,2";
				TEST_HOST = "$(BUILT_PRODUCTS_DIR)/TwitterSlideOutMenu.app/$(BUNDLE_EXECUTABLE_FOLDER_PATH)/TwitterSlideOutMenu";
			};
			name = Debug;
		};
		7B81235A29859A5A0032024D /* Release */ = {
			isa = XCBuildConfiguration;
			buildSettings = {
				ALWAYS_EMBED_SWIFT_STANDARD_LIBRARIES = YES;
				BUNDLE_LOADER = "$(TEST_HOST)";
				CODE_SIGN_STYLE = Automatic;
				CURRENT_PROJECT_VERSION = 1;
				DEVELOPMENT_TEAM = XRR5P3RD3X;
				GENERATE_INFOPLIST_FILE = YES;
				IPHONEOS_DEPLOYMENT_TARGET = 16.2;
				MARKETING_VERSION = 1.0;
				PRODUCT_BUNDLE_IDENTIFIER = abdullahkaraboga.TwitterSlideOutMenuTests;
				PRODUCT_NAME = "$(TARGET_NAME)";
				SWIFT_EMIT_LOC_STRINGS = NO;
				SWIFT_VERSION = 5.0;
				TARGETED_DEVICE_FAMILY = "1,2";
				TEST_HOST = "$(BUILT_PRODUCTS_DIR)/TwitterSlideOutMenu.app/$(BUNDLE_EXECUTABLE_FOLDER_PATH)/TwitterSlideOutMenu";
			};
			name = Release;
		};
		7B81235C29859A5A0032024D /* Debug */ = {
			isa = XCBuildConfiguration;
			buildSettings = {
				ALWAYS_EMBED_SWIFT_STANDARD_LIBRARIES = YES;
				CODE_SIGN_STYLE = Automatic;
				CURRENT_PROJECT_VERSION = 1;
				DEVELOPMENT_TEAM = XRR5P3RD3X;
				GENERATE_INFOPLIST_FILE = YES;
				MARKETING_VERSION = 1.0;
				PRODUCT_BUNDLE_IDENTIFIER = abdullahkaraboga.TwitterSlideOutMenuUITests;
				PRODUCT_NAME = "$(TARGET_NAME)";
				SWIFT_EMIT_LOC_STRINGS = NO;
				SWIFT_VERSION = 5.0;
				TARGETED_DEVICE_FAMILY = "1,2";
				TEST_TARGET_NAME = TwitterSlideOutMenu;
			};
			name = Debug;
		};
		7B81235D29859A5A0032024D /* Release */ = {
			isa = XCBuildConfiguration;
			buildSettings = {
				ALWAYS_EMBED_SWIFT_STANDARD_LIBRARIES = YES;
				CODE_SIGN_STYLE = Automatic;
				CURRENT_PROJECT_VERSION = 1;
				DEVELOPMENT_TEAM = XRR5P3RD3X;
				GENERATE_INFOPLIST_FILE = YES;
				MARKETING_VERSION = 1.0;
				PRODUCT_BUNDLE_IDENTIFIER = abdullahkaraboga.TwitterSlideOutMenuUITests;
				PRODUCT_NAME = "$(TARGET_NAME)";
				SWIFT_EMIT_LOC_STRINGS = NO;
				SWIFT_VERSION = 5.0;
				TARGETED_DEVICE_FAMILY = "1,2";
				TEST_TARGET_NAME = TwitterSlideOutMenu;
			};
			name = Release;
		};
/* End XCBuildConfiguration section */

/* Begin XCConfigurationList section */
		7B81232729859A540032024D /* Build configuration list for PBXProject "TwitterSlideOutMenu" */ = {
			isa = XCConfigurationList;
			buildConfigurations = (
				7B81235329859A5A0032024D /* Debug */,
				7B81235429859A5A0032024D /* Release */,
			);
			defaultConfigurationIsVisible = 0;
			defaultConfigurationName = Release;
		};
		7B81235529859A5A0032024D /* Build configuration list for PBXNativeTarget "TwitterSlideOutMenu" */ = {
			isa = XCConfigurationList;
			buildConfigurations = (
				7B81235629859A5A0032024D /* Debug */,
				7B81235729859A5A0032024D /* Release */,
			);
			defaultConfigurationIsVisible = 0;
			defaultConfigurationName = Release;
		};
		7B81235829859A5A0032024D /* Build configuration list for PBXNativeTarget "TwitterSlideOutMenuTests" */ = {
			isa = XCConfigurationList;
			buildConfigurations = (
				7B81235929859A5A0032024D /* Debug */,
				7B81235A29859A5A0032024D /* Release */,
			);
			defaultConfigurationIsVisible = 0;
			defaultConfigurationName = Release;
		};
		7B81235B29859A5A0032024D /* Build configuration list for PBXNativeTarget "TwitterSlideOutMenuUITests" */ = {
			isa = XCConfigurationList;
			buildConfigurations = (
				7B81235C29859A5A0032024D /* Debug */,
				7B81235D29859A5A0032024D /* Release */,
			);
			defaultConfigurationIsVisible = 0;
			defaultConfigurationName = Release;
		};
/* End XCConfigurationList section */

/* Begin XCVersionGroup section */
		7B81233A29859A590032024D /* TwitterSlideOutMenu.xcdatamodeld */ = {
			isa = XCVersionGroup;
			children = (
				7B81233B29859A590032024D /* TwitterSlideOutMenu.xcdatamodel */,
			);
			currentVersion = 7B81233B29859A590032024D /* TwitterSlideOutMenu.xcdatamodel */;
			path = TwitterSlideOutMenu.xcdatamodeld;
			sourceTree = "<group>";
			versionGroupType = wrapper.xcdatamodel;
		};
/* End XCVersionGroup section */
	};
	rootObject = 7B81232429859A540032024D /* Project object */;
}
